
Microsoft Visual Studio Solution File, Format Version 12.00
# Visual Studio Version 17
VisualStudioVersion = 17.4.33122.133
MinimumVisualStudioVersion = 10.0.40219.1
Project("{FAE04EC0-301F-11D3-BF4B-00C04F79EFBC}") = "ZayShop", "ZayShop\ZayShop.csproj", "{48C74EB5-4287-481A-82A4-C00E216680A8}"
EndProject
Global
	GlobalSection(SolutionConfigurationPlatforms) = preSolution
		Debug|Any CPU = Debug|Any CPU
		Release|Any CPU = Release|Any CPU
	EndGlobalSection
	GlobalSection(ProjectConfigurationPlatforms) = postSolution
		{48C74EB5-4287-481A-82A4-C00E216680A8}.Debug|Any CPU.ActiveCfg = Debug|Any CPU
		{48C74EB5-4287-481A-82A4-C00E216680A8}.Debug|Any CPU.Build.0 = Debug|Any CPU
		{48C74EB5-4287-481A-82A4-C00E216680A8}.Release|Any CPU.ActiveCfg = Release|Any CPU
		{48C74EB5-4287-481A-82A4-C00E216680A8}.Release|Any CPU.Build.0 = Release|Any CPU
	EndGlobalSection
	GlobalSection(SolutionProperties) = preSolution
		HideSolutionNode = FALSE
	EndGlobalSection
	GlobalSection(ExtensibilityGlobals) = postSolution
		SolutionGuid = {085CE408-F05E-4732-994A-CAE8DA26138D}
	EndGlobalSection
EndGlobal
